
Microsoft Visual Studio Solution File, Format Version 12.00
# Visual Studio Version 17
VisualStudioVersion = 17.9.34728.123
MinimumVisualStudioVersion = 10.0.40219.1
Project("{FAE04EC0-301F-11D3-BF4B-00C04F79EFBC}") = "TwitchGFL", "TwitchGFL.csproj", "{882F3F27-362A-4F65-9EE3-D392B16C7DBD}"
EndProject
Global
	GlobalSection(SolutionConfigurationPlatforms) = preSolution
		Debug|Any CPU = Debug|Any CPU
		Release|Any CPU = Release|Any CPU
	EndGlobalSection
	GlobalSection(ProjectConfigurationPlatforms) = postSolution
		{882F3F27-362A-4F65-9EE3-D392B16C7DBD}.Debug|Any CPU.ActiveCfg = Debug|Any CPU
		{882F3F27-362A-4F65-9EE3-D392B16C7DBD}.Debug|Any CPU.Build.0 = Debug|Any CPU
		{882F3F27-362A-4F65-9EE3-D392B16C7DBD}.Release|Any CPU.ActiveCfg = Release|Any CPU
		{882F3F27-362A-4F65-9EE3-D392B16C7DBD}.Release|Any CPU.Build.0 = Release|Any CPU
	EndGlobalSection
	GlobalSection(SolutionProperties) = preSolution
		HideSolutionNode = FALSE
	EndGlobalSection
	GlobalSection(ExtensibilityGlobals) = postSolution
		SolutionGuid = {065FA373-9A22-46BD-A0E9-6D6B6A605812}
	EndGlobalSection
EndGlobal
